
Microsoft Visual Studio Solution File, Format Version 12.00
# Visual Studio 15
VisualStudioVersion = 15.0.27130.2024
MinimumVisualStudioVersion = 10.0.40219.1
Project("{FAE04EC0-301F-11D3-BF4B-00C04F79EFBC}") = "PZ", "PZ\PZ.csproj", "{6947AF1F-4578-4A4A-B407-52925C758F94}"
EndProject
Global
	GlobalSection(SolutionConfigurationPlatforms) = preSolution
		Debug|Any CPU = Debug|Any CPU
		Release|Any CPU = Release|Any CPU
	EndGlobalSection
	GlobalSection(ProjectConfigurationPlatforms) = postSolution
		{6947AF1F-4578-4A4A-B407-52925C758F94}.Debug|Any CPU.ActiveCfg = Debug|Any CPU
		{6947AF1F-4578-4A4A-B407-52925C758F94}.Debug|Any CPU.Build.0 = Debug|Any CPU
		{6947AF1F-4578-4A4A-B407-52925C758F94}.Release|Any CPU.ActiveCfg = Release|Any CPU
		{6947AF1F-4578-4A4A-B407-52925C758F94}.Release|Any CPU.Build.0 = Release|Any CPU
	EndGlobalSection
	GlobalSection(SolutionProperties) = preSolution
		HideSolutionNode = FALSE
	EndGlobalSection
	GlobalSection(ExtensibilityGlobals) = postSolution
		SolutionGuid = {79528CA1-6CEC-4D8D-A727-7B0E0807D69F}
	EndGlobalSection
EndGlobal
